
Microsoft Visual Studio Solution File, Format Version 12.00
# Visual Studio Version 16
VisualStudioVersion = 16.0.31112.23
MinimumVisualStudioVersion = 10.0.40219.1
Project("{9A19103F-16F7-4668-BE54-9A1E7A4F7556}") = "CGCG", "CGCG\CGCG.csproj", "{B7F5811E-4BDE-4821-B513-10012A45D2AA}"
EndProject
Project("{9A19103F-16F7-4668-BE54-9A1E7A4F7556}") = "CGCG.DAL", "CGCG.DAL\CGCG.DAL.csproj", "{0C38B214-5ED7-43E5-969A-30C5E8923849}"
EndProject
Project("{FAE04EC0-301F-11D3-BF4B-00C04F79EFBC}") = "CGCG.API", "CGCG.API\CGCG.API.csproj", "{19BDEDC0-DC37-46F0-9D25-E29BEE8BE7DD}"
EndProject
Project("{FAE04EC0-301F-11D3-BF4B-00C04F79EFBC}") = "CGCG.DTO", "CGCG.DTO\CGCG.DTO.csproj", "{78E75A5E-186D-4837-9F22-2D50B2A38CC1}"
EndProject
Global
	GlobalSection(SolutionConfigurationPlatforms) = preSolution
		Debug|Any CPU = Debug|Any CPU
		Release|Any CPU = Release|Any CPU
	EndGlobalSection
	GlobalSection(ProjectConfigurationPlatforms) = postSolution
		{B7F5811E-4BDE-4821-B513-10012A45D2AA}.Debug|Any CPU.ActiveCfg = Debug|Any CPU
		{B7F5811E-4BDE-4821-B513-10012A45D2AA}.Debug|Any CPU.Build.0 = Debug|Any CPU
		{B7F5811E-4BDE-4821-B513-10012A45D2AA}.Release|Any CPU.ActiveCfg = Release|Any CPU
		{B7F5811E-4BDE-4821-B513-10012A45D2AA}.Release|Any CPU.Build.0 = Release|Any CPU
		{0C38B214-5ED7-43E5-969A-30C5E8923849}.Debug|Any CPU.ActiveCfg = Debug|Any CPU
		{0C38B214-5ED7-43E5-969A-30C5E8923849}.Debug|Any CPU.Build.0 = Debug|Any CPU
		{0C38B214-5ED7-43E5-969A-30C5E8923849}.Release|Any CPU.ActiveCfg = Release|Any CPU
		{0C38B214-5ED7-43E5-969A-30C5E8923849}.Release|Any CPU.Build.0 = Release|Any CPU
		{19BDEDC0-DC37-46F0-9D25-E29BEE8BE7DD}.Debug|Any CPU.ActiveCfg = Debug|Any CPU
		{19BDEDC0-DC37-46F0-9D25-E29BEE8BE7DD}.Debug|Any CPU.Build.0 = Debug|Any CPU
		{19BDEDC0-DC37-46F0-9D25-E29BEE8BE7DD}.Release|Any CPU.ActiveCfg = Release|Any CPU
		{19BDEDC0-DC37-46F0-9D25-E29BEE8BE7DD}.Release|Any CPU.Build.0 = Release|Any CPU
		{78E75A5E-186D-4837-9F22-2D50B2A38CC1}.Debug|Any CPU.ActiveCfg = Debug|Any CPU
		{78E75A5E-186D-4837-9F22-2D50B2A38CC1}.Debug|Any CPU.Build.0 = Debug|Any CPU
		{78E75A5E-186D-4837-9F22-2D50B2A38CC1}.Release|Any CPU.ActiveCfg = Release|Any CPU
		{78E75A5E-186D-4837-9F22-2D50B2A38CC1}.Release|Any CPU.Build.0 = Release|Any CPU
	EndGlobalSection
	GlobalSection(SolutionProperties) = preSolution
		HideSolutionNode = FALSE
	EndGlobalSection
	GlobalSection(ExtensibilityGlobals) = postSolution
		SolutionGuid = {B07D442B-4560-4E3F-B06F-8635F2AC72CA}
	EndGlobalSection
EndGlobal
